
Microsoft Visual Studio Solution File, Format Version 12.00
# Visual Studio Version 16
VisualStudioVersion = 16.0.30011.22
MinimumVisualStudioVersion = 10.0.40219.1
Project("{9A19103F-16F7-4668-BE54-9A1E7A4F7556}") = "CloudCommercePro.ConsoleApp", "CloudCommercePro.ConsoleApp\CloudCommercePro.ConsoleApp.csproj", "{4CB22604-EC72-49D2-8318-1E7ECE0E475D}"
EndProject
Project("{9A19103F-16F7-4668-BE54-9A1E7A4F7556}") = "CloudCommercePro.Test", "CloudCommercePro.Test\CloudCommercePro.Test.csproj", "{512CA5AA-E153-447F-B893-7A214397253B}"
EndProject
Project("{9A19103F-16F7-4668-BE54-9A1E7A4F7556}") = "CloudCommercePro.Interfaces", "CloudCommercePro.Interfaces\CloudCommercePro.Interfaces.csproj", "{5FBD2118-1E77-4451-A033-59BA751CD262}"
EndProject
Project("{9A19103F-16F7-4668-BE54-9A1E7A4F7556}") = "CloudCommercePro.Data", "CloudCommercePro.Data\CloudCommercePro.Data.csproj", "{18254DA5-C8F7-4291-8070-37FD01824B4B}"
EndProject
Project("{9A19103F-16F7-4668-BE54-9A1E7A4F7556}") = "CloudCommercePro.Models", "CloudCommercePro.Models\CloudCommercePro.Models.csproj", "{9BA0C4B5-4B6E-4DB6-B81A-8D5C9DA6BA6E}"
EndProject
Project("{9A19103F-16F7-4668-BE54-9A1E7A4F7556}") = "CloudCommercePro.Helper", "CloudCommercePro.Helper\CloudCommercePro.Helper.csproj", "{4D24385E-02DE-4DB9-AB03-AA539CC32643}"
EndProject
Project("{FAE04EC0-301F-11D3-BF4B-00C04F79EFBC}") = "CloudCommercePro.Constants", "CloudCommercePro.Constants\CloudCommercePro.Constants.csproj", "{0EA72E86-FB25-44E1-85FB-CFB8A2293C93}"
EndProject
Project("{FAE04EC0-301F-11D3-BF4B-00C04F79EFBC}") = "CloudCommercePro.Repository", "CloudCommercePro.Repository\CloudCommercePro.Repository.csproj", "{6CBA8ECA-9BF1-4258-B9E6-B0E2F88AABAF}"
EndProject
Global
	GlobalSection(SolutionConfigurationPlatforms) = preSolution
		Debug|Any CPU = Debug|Any CPU
		Release|Any CPU = Release|Any CPU
	EndGlobalSection
	GlobalSection(ProjectConfigurationPlatforms) = postSolution
		{4CB22604-EC72-49D2-8318-1E7ECE0E475D}.Debug|Any CPU.ActiveCfg = Debug|Any CPU
		{4CB22604-EC72-49D2-8318-1E7ECE0E475D}.Debug|Any CPU.Build.0 = Debug|Any CPU
		{4CB22604-EC72-49D2-8318-1E7ECE0E475D}.Release|Any CPU.ActiveCfg = Release|Any CPU
		{4CB22604-EC72-49D2-8318-1E7ECE0E475D}.Release|Any CPU.Build.0 = Release|Any CPU
		{512CA5AA-E153-447F-B893-7A214397253B}.Debug|Any CPU.ActiveCfg = Debug|Any CPU
		{512CA5AA-E153-447F-B893-7A214397253B}.Debug|Any CPU.Build.0 = Debug|Any CPU
		{512CA5AA-E153-447F-B893-7A214397253B}.Release|Any CPU.ActiveCfg = Release|Any CPU
		{512CA5AA-E153-447F-B893-7A214397253B}.Release|Any CPU.Build.0 = Release|Any CPU
		{5FBD2118-1E77-4451-A033-59BA751CD262}.Debug|Any CPU.ActiveCfg = Debug|Any CPU
		{5FBD2118-1E77-4451-A033-59BA751CD262}.Debug|Any CPU.Build.0 = Debug|Any CPU
		{5FBD2118-1E77-4451-A033-59BA751CD262}.Release|Any CPU.ActiveCfg = Release|Any CPU
		{5FBD2118-1E77-4451-A033-59BA751CD262}.Release|Any CPU.Build.0 = Release|Any CPU
		{18254DA5-C8F7-4291-8070-37FD01824B4B}.Debug|Any CPU.ActiveCfg = Debug|Any CPU
		{18254DA5-C8F7-4291-8070-37FD01824B4B}.Debug|Any CPU.Build.0 = Debug|Any CPU
		{18254DA5-C8F7-4291-8070-37FD01824B4B}.Release|Any CPU.ActiveCfg = Release|Any CPU
		{18254DA5-C8F7-4291-8070-37FD01824B4B}.Release|Any CPU.Build.0 = Release|Any CPU
		{9BA0C4B5-4B6E-4DB6-B81A-8D5C9DA6BA6E}.Debug|Any CPU.ActiveCfg = Debug|Any CPU
		{9BA0C4B5-4B6E-4DB6-B81A-8D5C9DA6BA6E}.Debug|Any CPU.Build.0 = Debug|Any CPU
		{9BA0C4B5-4B6E-4DB6-B81A-8D5C9DA6BA6E}.Release|Any CPU.ActiveCfg = Release|Any CPU
		{9BA0C4B5-4B6E-4DB6-B81A-8D5C9DA6BA6E}.Release|Any CPU.Build.0 = Release|Any CPU
		{4D24385E-02DE-4DB9-AB03-AA539CC32643}.Debug|Any CPU.ActiveCfg = Debug|Any CPU
		{4D24385E-02DE-4DB9-AB03-AA539CC32643}.Debug|Any CPU.Build.0 = Debug|Any CPU
		{4D24385E-02DE-4DB9-AB03-AA539CC32643}.Release|Any CPU.ActiveCfg = Release|Any CPU
		{4D24385E-02DE-4DB9-AB03-AA539CC32643}.Release|Any CPU.Build.0 = Release|Any CPU
		{0EA72E86-FB25-44E1-85FB-CFB8A2293C93}.Debug|Any CPU.ActiveCfg = Debug|Any CPU
		{0EA72E86-FB25-44E1-85FB-CFB8A2293C93}.Debug|Any CPU.Build.0 = Debug|Any CPU
		{0EA72E86-FB25-44E1-85FB-CFB8A2293C93}.Release|Any CPU.ActiveCfg = Release|Any CPU
		{0EA72E86-FB25-44E1-85FB-CFB8A2293C93}.Release|Any CPU.Build.0 = Release|Any CPU
		{6CBA8ECA-9BF1-4258-B9E6-B0E2F88AABAF}.Debug|Any CPU.ActiveCfg = Debug|Any CPU
		{6CBA8ECA-9BF1-4258-B9E6-B0E2F88AABAF}.Debug|Any CPU.Build.0 = Debug|Any CPU
		{6CBA8ECA-9BF1-4258-B9E6-B0E2F88AABAF}.Release|Any CPU.ActiveCfg = Release|Any CPU
		{6CBA8ECA-9BF1-4258-B9E6-B0E2F88AABAF}.Release|Any CPU.Build.0 = Release|Any CPU
	EndGlobalSection
	GlobalSection(SolutionProperties) = preSolution
		HideSolutionNode = FALSE
	EndGlobalSection
	GlobalSection(ExtensibilityGlobals) = postSolution
		SolutionGuid = {D14A4FAB-C9FA-4737-A836-8F1D7F4816D2}
	EndGlobalSection
EndGlobal
